// !$*UTF8*$!
{
	archiveVersion = 1;
	classes = {
	};
	objectVersion = 46;
	objects = {

/* Begin PBXBuildFile section */
		7FF9EDA32010742700D6A9DC /* main.m in Sources */ = {isa = PBXBuildFile; fileRef = 7FF9EDA22010742700D6A9DC /* main.m */; };
		7FF9EDA62010742700D6A9DC /* AppDelegate.m in Sources */ = {isa = PBXBuildFile; fileRef = 7FF9EDA52010742700D6A9DC /* AppDelegate.m */; };
		7FF9EDAE2010742700D6A9DC /* Assets.xcassets in Resources */ = {isa = PBXBuildFile; fileRef = 7FF9EDAD2010742700D6A9DC /* Assets.xcassets */; };
		7FF9EDB12010742700D6A9DC /* LaunchScreen.storyboard in Resources */ = {isa = PBXBuildFile; fileRef = 7FF9EDAF2010742700D6A9DC /* LaunchScreen.storyboard */; };
/* End PBXBuildFile section */

/* Begin PBXFileReference section */
		7FF9ED9E2010742700D6A9DC /* simpletableview.app */ = {isa = PBXFileReference; explicitFileType = wrapper.application; includeInIndex = 0; path = simpletableview.app; sourceTree = BUILT_PRODUCTS_DIR; };
		7FF9EDA22010742700D6A9DC /* main.m */ = {isa = PBXFileReference; lastKnownFileType = sourcecode.c.objc; path = main.m; sourceTree = "<group>"; };
		7FF9EDA42010742700D6A9DC /* AppDelegate.h */ = {isa = PBXFileReference; lastKnownFileType = sourcecode.c.h; path = AppDelegate.h; sourceTree = "<group>"; };
		7FF9EDA52010742700D6A9DC /* AppDelegate.m */ = {isa = PBXFileReference; lastKnownFileType = sourcecode.c.objc; path = AppDelegate.m; sourceTree = "<group>"; };
		7FF9EDAD2010742700D6A9DC /* Assets.xcassets */ = {isa = PBXFileReference; lastKnownFileType = folder.assetcatalog; path = Assets.xcassets; sourceTree = "<group>"; };
		7FF9EDB02010742700D6A9DC /* Base */ = {isa = PBXFileReference; lastKnownFileType = file.storyboard; name = Base; path = Base.lproj/LaunchScreen.storyboard; sourceTree = "<group>"; };
		7FF9EDB22010742700D6A9DC /* Info.plist */ = {isa = PBXFileReference; lastKnownFileType = text.plist.xml; path = Info.plist; sourceTree = "<group>"; };
/* End PBXFileReference section */

/* Begin PBXFrameworksBuildPhase section */
		7FF9ED9B2010742700D6A9DC /* Frameworks */ = {
			isa = PBXFrameworksBuildPhase;
			buildActionMask = 2147483647;
			files = (
			);
			runOnlyForDeploymentPostprocessing = 0;
		};
/* End PBXFrameworksBuildPhase section */

/* Begin PBXGroup section */
		7FF9ED952010742700D6A9DC = {
			isa = PBXGroup;
			children = (
				7FF9EDA02010742700D6A9DC /* simpletableview */,
				7FF9ED9F2010742700D6A9DC /* Products */,
			);
			sourceTree = "<group>";
		};
		7FF9ED9F2010742700D6A9DC /* Products */ = {
			isa = PBXGroup;
			children = (
				7FF9ED9E2010742700D6A9DC /* simpletableview.app */,
			);
			name = Products;
			sourceTree = "<group>";
		};
		7FF9EDA02010742700D6A9DC /* simpletableview */ = {
			isa = PBXGroup;
			children = (
				7FF9EDA42010742700D6A9DC /* AppDelegate.h */,
				7FF9EDA52010742700D6A9DC /* AppDelegate.m */,
				7FF9EDAD2010742700D6A9DC /* Assets.xcassets */,
				7FF9EDAF2010742700D6A9DC /* LaunchScreen.storyboard */,
				7FF9EDB22010742700D6A9DC /* Info.plist */,
				7FF9EDA12010742700D6A9DC /* Supporting Files */,
			);
			path = simpletableview;
			sourceTree = "<group>";
		};
		7FF9EDA12010742700D6A9DC /* Supporting Files */ = {
			isa = PBXGroup;
			children = (
				7FF9EDA22010742700D6A9DC /* main.m */,
			);
			name = "Supporting Files";
			sourceTree = "<group>";
		};
/* End PBXGroup section */

/* Begin PBXNativeTarget section */
		7FF9ED9D2010742700D6A9DC /* simpletableview */ = {
			isa = PBXNativeTarget;
			buildConfigurationList = 7FF9EDB52010742700D6A9DC /* Build configuration list for PBXNativeTarget "simpletableview" */;
			buildPhases = (
				7FF9ED9A2010742700D6A9DC /* Sources */,
				7FF9ED9B2010742700D6A9DC /* Frameworks */,
				7FF9ED9C2010742700D6A9DC /* Resources */,
			);
			buildRules = (
			);
			dependencies = (
			);
			name = simpletableview;
			productName = simpletableview;
			productReference = 7FF9ED9E2010742700D6A9DC /* simpletableview.app */;
			productType = "com.apple.product-type.application";
		};
/* End PBXNativeTarget section */

/* Begin PBXProject section */
		7FF9ED962010742700D6A9DC /* Project object */ = {
			isa = PBXProject;
			attributes = {
				LastUpgradeCheck = 0730;
				ORGANIZATIONNAME = felix;
				TargetAttributes = {
					7FF9ED9D2010742700D6A9DC = {
						CreatedOnToolsVersion = 7.3;
					};
				};
			};
			buildConfigurationList = 7FF9ED992010742700D6A9DC /* Build configuration list for PBXProject "simpletableview" */;
			compatibilityVersion = "Xcode 3.2";
			developmentRegion = English;
			hasScannedForEncodings = 0;
			knownRegions = (
				en,
				Base,
			);
			mainGroup = 7FF9ED952010742700D6A9DC;
			productRefGroup = 7FF9ED9F2010742700D6A9DC /* Products */;
			projectDirPath = "";
			projectRoot = "";
			targets = (
				7FF9ED9D2010742700D6A9DC /* simpletableview */,
			);
		};
/* End PBXProject section */

/* Begin PBXResourcesBuildPhase section */
		7FF9ED9C2010742700D6A9DC /* Resources */ = {
			isa = PBXResourcesBuildPhase;
			buildActionMask = 2147483647;
			files = (
				7FF9EDB12010742700D6A9DC /* LaunchScreen.storyboard in Resources */,
				7FF9EDAE2010742700D6A9DC /* Assets.xcassets in Resources */,
			);
			runOnlyForDeploymentPostprocessing = 0;
		};
/* End PBXResourcesBuildPhase section */

/* Begin PBXSourcesBuildPhase section */
		7FF9ED9A2010742700D6A9DC /* Sources */ = {
			isa = PBXSourcesBuildPhase;
			buildActionMask = 2147483647;
			files = (
				7FF9EDA62010742700D6A9DC /* AppDelegate.m in Sources */,
				7FF9EDA32010742700D6A9DC /* main.m in Sources */,
			);
			runOnlyForDeploymentPostprocessing = 0;
		};
/* End PBXSourcesBuildPhase section */

/* Begin PBXVariantGroup section */
		7FF9EDAF2010742700D6A9DC /* LaunchScreen.storyboard */ = {
			isa = PBXVariantGroup;
			children = (
				7FF9EDB02010742700D6A9DC /* Base */,
			);
			name = LaunchScreen.storyboard;
			sourceTree = "<group>";
		};
/* End PBXVariantGroup section */

/* Begin XCBuildConfiguration section */
		7FF9EDB32010742700D6A9DC /* Debug */ = {
			isa = XCBuildConfiguration;
			buildSettings = {
				ALWAYS_SEARCH_USER_PATHS = NO;
				CLANG_ANALYZER_NONNULL = YES;
				CLANG_CXX_LANGUAGE_STANDARD = "gnu++0x";
				CLANG_CXX_LIBRARY = "libc++";
				CLANG_ENABLE_MODULES = YES;
				CLANG_ENABLE_OBJC_ARC = YES;
				CLANG_WARN_BOOL_CONVERSION = YES;
				CLANG_WARN_CONSTANT_CONVERSION = YES;
				CLANG_WARN_DIRECT_OBJC_ISA_USAGE = YES_ERROR;
				CLANG_WARN_EMPTY_BODY = YES;
				CLANG_WARN_ENUM_CONVERSION = YES;
				CLANG_WARN_INT_CONVERSION = YES;
				CLANG_WARN_OBJC_ROOT_CLASS = YES_ERROR;
				CLANG_WARN_UNREACHABLE_CODE = YES;
				CLANG_WARN__DUPLICATE_METHOD_MATCH = YES;
				"CODE_SIGN_IDENTITY[sdk=iphoneos*]" = "iPhone Developer";
				COPY_PHASE_STRIP = NO;
				DEBUG_INFORMATION_FORMAT = dwarf;
				ENABLE_STRICT_OBJC_MSGSEND = YES;
				ENABLE_TESTABILITY = YES;
				GCC_C_LANGUAGE_STANDARD = gnu99;
				GCC_DYNAMIC_NO_PIC = NO;
				GCC_NO_COMMON_BLOCKS = YES;
				GCC_OPTIMIZATION_LEVEL = 0;
				GCC_PREPROCESSOR_DEFINITIONS = (
					"DEBUG=1",
					"$(inherited)",
				);
				GCC_WARN_64_TO_32_BIT_CONVERSION = YES;
				GCC_WARN_ABOUT_RETURN_TYPE = YES_ERROR;
				GCC_WARN_UNDECLARED_SELECTOR = YES;
				GCC_WARN_UNINITIALIZED_AUTOS = YES_AGGRESSIVE;
				GCC_WARN_UNUSED_FUNCTION = YES;
				GCC_WARN_UNUSED_VARIABLE = YES;
				IPHONEOS_DEPLOYMENT_TARGET = 9.3;
				MTL_ENABLE_DEBUG_INFO = YES;
				ONLY_ACTIVE_ARCH = YES;
				SDKROOT = iphoneos;
			};
			name = Debug;
		};
		7FF9EDB42010742700D6A9DC /* Release */ = {
			isa = XCBuildConfiguration;
			buildSettings = {
				ALWAYS_SEARCH_USER_PATHS = NO;
				CLANG_ANALYZER_NONNULL = YES;
				CLANG_CXX_LANGUAGE_STANDARD = "gnu++0x";
				CLANG_CXX_LIBRARY = "libc++";
				CLANG_ENABLE_MODULES = YES;
				CLANG_ENABLE_OBJC_ARC = YES;
				CLANG_WARN_BOOL_CONVERSION = YES;
				CLANG_WARN_CONSTANT_CONVERSION = YES;
				CLANG_WARN_DIRECT_OBJC_ISA_USAGE = YES_ERROR;
				CLANG_WARN_EMPTY_BODY = YES;
				CLANG_WARN_ENUM_CONVERSION = YES;
				CLANG_WARN_INT_CONVERSION = YES;
				CLANG_WARN_OBJC_ROOT_CLASS = YES_ERROR;
				CLANG_WARN_UNREACHABLE_CODE = YES;
				CLANG_WARN__DUPLICATE_METHOD_MATCH = YES;
				"CODE_SIGN_IDENTITY[sdk=iphoneos*]" = "iPhone Developer";
				COPY_PHASE_STRIP = NO;
				DEBUG_INFORMATION_FORMAT = "dwarf-with-dsym";
				ENABLE_NS_ASSERTIONS = NO;
				ENABLE_STRICT_OBJC_MSGSEND = YES;
				GCC_C_LANGUAGE_STANDARD = gnu99;
				GCC_NO_COMMON_BLOCKS = YES;
				GCC_WARN_64_TO_32_BIT_CONVERSION = YES;
				GCC_WARN_ABOUT_RETURN_TYPE = YES_ERROR;
				GCC_WARN_UNDECLARED_SELECTOR = YES;
				GCC_WARN_UNINITIALIZED_AUTOS = YES_AGGRESSIVE;
				GCC_WARN_UNUSED_FUNCTION = YES;
				GCC_WARN_UNUSED_VARIABLE = YES;
				IPHONEOS_DEPLOYMENT_TARGET = 9.3;
				MTL_ENABLE_DEBUG_INFO = NO;
				SDKROOT = iphoneos;
				VALIDATE_PRODUCT = YES;
			};
			name = Release;
		};
		7FF9EDB62010742700D6A9DC /* Debug */ = {
			isa = XCBuildConfiguration;
			buildSettings = {
				ASSETCATALOG_COMPILER_APPICON_NAME = AppIcon;
				INFOPLIST_FILE = simpletableview/Info.plist;
				LD_RUNPATH_SEARCH_PATHS = "$(inherited) @executable_path/Frameworks";
				PRODUCT_BUNDLE_IDENTIFIER = felix.simpletableview;
				PRODUCT_NAME = "$(TARGET_NAME)";
			};
			name = Debug;
		};
		7FF9EDB72010742700D6A9DC /* Release */ = {
			isa = XCBuildConfiguration;
			buildSettings = {
				ASSETCATALOG_COMPILER_APPICON_NAME = AppIcon;
				INFOPLIST_FILE = simpletableview/Info.plist;
				LD_RUNPATH_SEARCH_PATHS = "$(inherited) @executable_path/Frameworks";
				PRODUCT_BUNDLE_IDENTIFIER = felix.simpletableview;
				PRODUCT_NAME = "$(TARGET_NAME)";
			};
			name = Release;
		};
/* End XCBuildConfiguration section */

/* Begin XCConfigurationList section */
		7FF9ED992010742700D6A9DC /* Build configuration list for PBXProject "simpletableview" */ = {
			isa = XCConfigurationList;
			buildConfigurations = (
				7FF9EDB32010742700D6A9DC /* Debug */,
				7FF9EDB42010742700D6A9DC /* Release */,
			);
			defaultConfigurationIsVisible = 0;
			defaultConfigurationName = Release;
		};
		7FF9EDB52010742700D6A9DC /* Build configuration list for PBXNativeTarget "simpletableview" */ = {
			isa = XCConfigurationList;
			buildConfigurations = (
				7FF9EDB62010742700D6A9DC /* Debug */,
				7FF9EDB72010742700D6A9DC /* Release */,
			);
			defaultConfigurationIsVisible = 0;
		};
/* End XCConfigurationList section */
	};
	rootObject = 7FF9ED962010742700D6A9DC /* Project object */;
}
